
Microsoft Visual Studio Solution File, Format Version 12.00
# Visual Studio Version 17
VisualStudioVersion = 17.13.35931.197 d17.13
MinimumVisualStudioVersion = 10.0.40219.1
Project("{FAE04EC0-301F-11D3-BF4B-00C04F79EFBC}") = "MyLibrary", "MyLibrary\MyLibrary.csproj", "{C3D36A6E-B700-44DA-AFAF-BED9CC6274D5}"
EndProject
Project("{FAE04EC0-301F-11D3-BF4B-00C04F79EFBC}") = "ConsoleApp", "ConsoleApp\ConsoleApp.csproj", "{C0D668FE-DB28-43D2-9DE0-BD4199A258F0}"
EndProject
Global
	GlobalSection(SolutionConfigurationPlatforms) = preSolution
		Debug|Any CPU = Debug|Any CPU
		Release|Any CPU = Release|Any CPU
	EndGlobalSection
	GlobalSection(ProjectConfigurationPlatforms) = postSolution
		{C3D36A6E-B700-44DA-AFAF-BED9CC6274D5}.Debug|Any CPU.ActiveCfg = Debug|Any CPU
		{C3D36A6E-B700-44DA-AFAF-BED9CC6274D5}.Debug|Any CPU.Build.0 = Debug|Any CPU
		{C3D36A6E-B700-44DA-AFAF-BED9CC6274D5}.Release|Any CPU.ActiveCfg = Release|Any CPU
		{C3D36A6E-B700-44DA-AFAF-BED9CC6274D5}.Release|Any CPU.Build.0 = Release|Any CPU
		{C0D668FE-DB28-43D2-9DE0-BD4199A258F0}.Debug|Any CPU.ActiveCfg = Debug|Any CPU
		{C0D668FE-DB28-43D2-9DE0-BD4199A258F0}.Debug|Any CPU.Build.0 = Debug|Any CPU
		{C0D668FE-DB28-43D2-9DE0-BD4199A258F0}.Release|Any CPU.ActiveCfg = Release|Any CPU
		{C0D668FE-DB28-43D2-9DE0-BD4199A258F0}.Release|Any CPU.Build.0 = Release|Any CPU
	EndGlobalSection
	GlobalSection(SolutionProperties) = preSolution
		HideSolutionNode = FALSE
	EndGlobalSection
	GlobalSection(ExtensibilityGlobals) = postSolution
		SolutionGuid = {E52ECECB-C0C8-4586-88AD-FE48F7953137}
	EndGlobalSection
EndGlobal
